// !$*UTF8*$!
{
	archiveVersion = 1;
	classes = {
	};
	objectVersion = 50;
	objects = {

/* Begin PBXBuildFile section */
		97682934244A79F7005C76A9 /* AppDelegate.m in Sources */ = {isa = PBXBuildFile; fileRef = 97682933244A79F7005C76A9 /* AppDelegate.m */; };
		97682937244A79F7005C76A9 /* SceneDelegate.m in Sources */ = {isa = PBXBuildFile; fileRef = 97682936244A79F7005C76A9 /* SceneDelegate.m */; };
		9768293A244A79F7005C76A9 /* ViewController.m in Sources */ = {isa = PBXBuildFile; fileRef = 97682939244A79F7005C76A9 /* ViewController.m */; };
		9768293D244A79F7005C76A9 /* Main.storyboard in Resources */ = {isa = PBXBuildFile; fileRef = 9768293B244A79F7005C76A9 /* Main.storyboard */; };
		9768293F244A79FA005C76A9 /* Assets.xcassets in Resources */ = {isa = PBXBuildFile; fileRef = 9768293E244A79FA005C76A9 /* Assets.xcassets */; };
		97682942244A79FA005C76A9 /* LaunchScreen.storyboard in Resources */ = {isa = PBXBuildFile; fileRef = 97682940244A79FA005C76A9 /* LaunchScreen.storyboard */; };
		97682945244A79FA005C76A9 /* main.m in Sources */ = {isa = PBXBuildFile; fileRef = 97682944244A79FA005C76A9 /* main.m */; };
		9768294D244A848E005C76A9 /* Card.m in Sources */ = {isa = PBXBuildFile; fileRef = 9768294C244A848E005C76A9 /* Card.m */; };
		97682951244A875A005C76A9 /* Deck.m in Sources */ = {isa = PBXBuildFile; fileRef = 97682950244A875A005C76A9 /* Deck.m */; };
		97682954244A888D005C76A9 /* PlayingCard.m in Sources */ = {isa = PBXBuildFile; fileRef = 97682953244A888D005C76A9 /* PlayingCard.m */; };
		97682957244A8B21005C76A9 /* PlayCardDeck.m in Sources */ = {isa = PBXBuildFile; fileRef = 97682956244A8B21005C76A9 /* PlayCardDeck.m */; };
		9768295A244BE367005C76A9 /* CardMatchingGame.m in Sources */ = {isa = PBXBuildFile; fileRef = 97682959244BE367005C76A9 /* CardMatchingGame.m */; };
/* End PBXBuildFile section */

/* Begin PBXFileReference section */
		9768292F244A79F7005C76A9 /* Matchismo.app */ = {isa = PBXFileReference; explicitFileType = wrapper.application; includeInIndex = 0; path = Matchismo.app; sourceTree = BUILT_PRODUCTS_DIR; };
		97682932244A79F7005C76A9 /* AppDelegate.h */ = {isa = PBXFileReference; lastKnownFileType = sourcecode.c.h; path = AppDelegate.h; sourceTree = "<group>"; };
		97682933244A79F7005C76A9 /* AppDelegate.m */ = {isa = PBXFileReference; lastKnownFileType = sourcecode.c.objc; path = AppDelegate.m; sourceTree = "<group>"; };
		97682935244A79F7005C76A9 /* SceneDelegate.h */ = {isa = PBXFileReference; lastKnownFileType = sourcecode.c.h; path = SceneDelegate.h; sourceTree = "<group>"; };
		97682936244A79F7005C76A9 /* SceneDelegate.m */ = {isa = PBXFileReference; lastKnownFileType = sourcecode.c.objc; path = SceneDelegate.m; sourceTree = "<group>"; };
		97682938244A79F7005C76A9 /* ViewController.h */ = {isa = PBXFileReference; lastKnownFileType = sourcecode.c.h; path = ViewController.h; sourceTree = "<group>"; };
		97682939244A79F7005C76A9 /* ViewController.m */ = {isa = PBXFileReference; lastKnownFileType = sourcecode.c.objc; path = ViewController.m; sourceTree = "<group>"; };
		9768293C244A79F7005C76A9 /* Base */ = {isa = PBXFileReference; lastKnownFileType = file.storyboard; name = Base; path = Base.lproj/Main.storyboard; sourceTree = "<group>"; };
		9768293E244A79FA005C76A9 /* Assets.xcassets */ = {isa = PBXFileReference; lastKnownFileType = folder.assetcatalog; path = Assets.xcassets; sourceTree = "<group>"; };
		97682941244A79FA005C76A9 /* Base */ = {isa = PBXFileReference; lastKnownFileType = file.storyboard; name = Base; path = Base.lproj/LaunchScreen.storyboard; sourceTree = "<group>"; };
		97682943244A79FA005C76A9 /* Info.plist */ = {isa = PBXFileReference; lastKnownFileType = text.plist.xml; path = Info.plist; sourceTree = "<group>"; };
		97682944244A79FA005C76A9 /* main.m */ = {isa = PBXFileReference; lastKnownFileType = sourcecode.c.objc; path = main.m; sourceTree = "<group>"; };
		9768294B244A848E005C76A9 /* Card.h */ = {isa = PBXFileReference; lastKnownFileType = sourcecode.c.h; path = Card.h; sourceTree = "<group>"; };
		9768294C244A848E005C76A9 /* Card.m */ = {isa = PBXFileReference; lastKnownFileType = sourcecode.c.objc; path = Card.m; sourceTree = "<group>"; };
		9768294F244A875A005C76A9 /* Deck.h */ = {isa = PBXFileReference; lastKnownFileType = sourcecode.c.h; path = Deck.h; sourceTree = "<group>"; };
		97682950244A875A005C76A9 /* Deck.m */ = {isa = PBXFileReference; lastKnownFileType = sourcecode.c.objc; path = Deck.m; sourceTree = "<group>"; };
		97682952244A888D005C76A9 /* PlayingCard.h */ = {isa = PBXFileReference; lastKnownFileType = sourcecode.c.h; path = PlayingCard.h; sourceTree = "<group>"; };
		97682953244A888D005C76A9 /* PlayingCard.m */ = {isa = PBXFileReference; lastKnownFileType = sourcecode.c.objc; path = PlayingCard.m; sourceTree = "<group>"; };
		97682955244A8B21005C76A9 /* PlayCardDeck.h */ = {isa = PBXFileReference; lastKnownFileType = sourcecode.c.h; path = PlayCardDeck.h; sourceTree = "<group>"; };
		97682956244A8B21005C76A9 /* PlayCardDeck.m */ = {isa = PBXFileReference; lastKnownFileType = sourcecode.c.objc; path = PlayCardDeck.m; sourceTree = "<group>"; };
		97682958244BE367005C76A9 /* CardMatchingGame.h */ = {isa = PBXFileReference; lastKnownFileType = sourcecode.c.h; path = CardMatchingGame.h; sourceTree = "<group>"; };
		97682959244BE367005C76A9 /* CardMatchingGame.m */ = {isa = PBXFileReference; lastKnownFileType = sourcecode.c.objc; path = CardMatchingGame.m; sourceTree = "<group>"; };
/* End PBXFileReference section */

/* Begin PBXFrameworksBuildPhase section */
		9768292C244A79F7005C76A9 /* Frameworks */ = {
			isa = PBXFrameworksBuildPhase;
			buildActionMask = 2147483647;
			files = (
			);
			runOnlyForDeploymentPostprocessing = 0;
		};
/* End PBXFrameworksBuildPhase section */

/* Begin PBXGroup section */
		97682926244A79F7005C76A9 = {
			isa = PBXGroup;
			children = (
				97682931244A79F7005C76A9 /* Matchismo */,
				97682930244A79F7005C76A9 /* Products */,
			);
			sourceTree = "<group>";
		};
		97682930244A79F7005C76A9 /* Products */ = {
			isa = PBXGroup;
			children = (
				9768292F244A79F7005C76A9 /* Matchismo.app */,
			);
			name = Products;
			sourceTree = "<group>";
		};
		97682931244A79F7005C76A9 /* Matchismo */ = {
			isa = PBXGroup;
			children = (
				97682932244A79F7005C76A9 /* AppDelegate.h */,
				97682933244A79F7005C76A9 /* AppDelegate.m */,
				97682935244A79F7005C76A9 /* SceneDelegate.h */,
				97682936244A79F7005C76A9 /* SceneDelegate.m */,
				97682938244A79F7005C76A9 /* ViewController.h */,
				97682939244A79F7005C76A9 /* ViewController.m */,
				9768294E244A84B4005C76A9 /* Model */,
				9768293B244A79F7005C76A9 /* Main.storyboard */,
				9768293E244A79FA005C76A9 /* Assets.xcassets */,
				97682940244A79FA005C76A9 /* LaunchScreen.storyboard */,
				97682943244A79FA005C76A9 /* Info.plist */,
				97682944244A79FA005C76A9 /* main.m */,
			);
			path = Matchismo;
			sourceTree = "<group>";
		};
		9768294E244A84B4005C76A9 /* Model */ = {
			isa = PBXGroup;
			children = (
				97682958244BE367005C76A9 /* CardMatchingGame.h */,
				97682959244BE367005C76A9 /* CardMatchingGame.m */,
				9768294B244A848E005C76A9 /* Card.h */,
				9768294C244A848E005C76A9 /* Card.m */,
				9768294F244A875A005C76A9 /* Deck.h */,
				97682950244A875A005C76A9 /* Deck.m */,
				97682952244A888D005C76A9 /* PlayingCard.h */,
				97682953244A888D005C76A9 /* PlayingCard.m */,
				97682955244A8B21005C76A9 /* PlayCardDeck.h */,
				97682956244A8B21005C76A9 /* PlayCardDeck.m */,
			);
			path = Model;
			sourceTree = "<group>";
		};
/* End PBXGroup section */

/* Begin PBXNativeTarget section */
		9768292E244A79F7005C76A9 /* Matchismo */ = {
			isa = PBXNativeTarget;
			buildConfigurationList = 97682948244A79FA005C76A9 /* Build configuration list for PBXNativeTarget "Matchismo" */;
			buildPhases = (
				9768292B244A79F7005C76A9 /* Sources */,
				9768292C244A79F7005C76A9 /* Frameworks */,
				9768292D244A79F7005C76A9 /* Resources */,
			);
			buildRules = (
			);
			dependencies = (
			);
			name = Matchismo;
			productName = Matchismo;
			productReference = 9768292F244A79F7005C76A9 /* Matchismo.app */;
			productType = "com.apple.product-type.application";
		};
/* End PBXNativeTarget section */

/* Begin PBXProject section */
		97682927244A79F7005C76A9 /* Project object */ = {
			isa = PBXProject;
			attributes = {
				LastUpgradeCheck = 1140;
				ORGANIZATIONNAME = "Stella Xu";
				TargetAttributes = {
					9768292E244A79F7005C76A9 = {
						CreatedOnToolsVersion = 11.4.1;
					};
				};
			};
			buildConfigurationList = 9768292A244A79F7005C76A9 /* Build configuration list for PBXProject "Matchismo" */;
			compatibilityVersion = "Xcode 9.3";
			developmentRegion = en;
			hasScannedForEncodings = 0;
			knownRegions = (
				en,
				Base,
			);
			mainGroup = 97682926244A79F7005C76A9;
			productRefGroup = 97682930244A79F7005C76A9 /* Products */;
			projectDirPath = "";
			projectRoot = "";
			targets = (
				9768292E244A79F7005C76A9 /* Matchismo */,
			);
		};
/* End PBXProject section */

/* Begin PBXResourcesBuildPhase section */
		9768292D244A79F7005C76A9 /* Resources */ = {
			isa = PBXResourcesBuildPhase;
			buildActionMask = 2147483647;
			files = (
				97682942244A79FA005C76A9 /* LaunchScreen.storyboard in Resources */,
				9768293F244A79FA005C76A9 /* Assets.xcassets in Resources */,
				9768293D244A79F7005C76A9 /* Main.storyboard in Resources */,
			);
			runOnlyForDeploymentPostprocessing = 0;
		};
/* End PBXResourcesBuildPhase section */

/* Begin PBXSourcesBuildPhase section */
		9768292B244A79F7005C76A9 /* Sources */ = {
			isa = PBXSourcesBuildPhase;
			buildActionMask = 2147483647;
			files = (
				97682957244A8B21005C76A9 /* PlayCardDeck.m in Sources */,
				9768294D244A848E005C76A9 /* Card.m in Sources */,
				9768293A244A79F7005C76A9 /* ViewController.m in Sources */,
				9768295A244BE367005C76A9 /* CardMatchingGame.m in Sources */,
				97682954244A888D005C76A9 /* PlayingCard.m in Sources */,
				97682934244A79F7005C76A9 /* AppDelegate.m in Sources */,
				97682945244A79FA005C76A9 /* main.m in Sources */,
				97682951244A875A005C76A9 /* Deck.m in Sources */,
				97682937244A79F7005C76A9 /* SceneDelegate.m in Sources */,
			);
			runOnlyForDeploymentPostprocessing = 0;
		};
/* End PBXSourcesBuildPhase section */

/* Begin PBXVariantGroup section */
		9768293B244A79F7005C76A9 /* Main.storyboard */ = {
			isa = PBXVariantGroup;
			children = (
				9768293C244A79F7005C76A9 /* Base */,
			);
			name = Main.storyboard;
			sourceTree = "<group>";
		};
		97682940244A79FA005C76A9 /* LaunchScreen.storyboard */ = {
			isa = PBXVariantGroup;
			children = (
				97682941244A79FA005C76A9 /* Base */,
			);
			name = LaunchScreen.storyboard;
			sourceTree = "<group>";
		};
/* End PBXVariantGroup section */

/* Begin XCBuildConfiguration section */
		97682946244A79FA005C76A9 /* Debug */ = {
			isa = XCBuildConfiguration;
			buildSettings = {
				ALWAYS_SEARCH_USER_PATHS = NO;
				CLANG_ANALYZER_NONNULL = YES;
				CLANG_ANALYZER_NUMBER_OBJECT_CONVERSION = YES_AGGRESSIVE;
				CLANG_CXX_LANGUAGE_STANDARD = "gnu++14";
				CLANG_CXX_LIBRARY = "libc++";
				CLANG_ENABLE_MODULES = YES;
				CLANG_ENABLE_OBJC_ARC = YES;
				CLANG_ENABLE_OBJC_WEAK = YES;
				CLANG_WARN_BLOCK_CAPTURE_AUTORELEASING = YES;
				CLANG_WARN_BOOL_CONVERSION = YES;
				CLANG_WARN_COMMA = YES;
				CLANG_WARN_CONSTANT_CONVERSION = YES;
				CLANG_WARN_DEPRECATED_OBJC_IMPLEMENTATIONS = YES;
				CLANG_WARN_DIRECT_OBJC_ISA_USAGE = YES_ERROR;
				CLANG_WARN_DOCUMENTATION_COMMENTS = YES;
				CLANG_WARN_EMPTY_BODY = YES;
				CLANG_WARN_ENUM_CONVERSION = YES;
				CLANG_WARN_INFINITE_RECURSION = YES;
				CLANG_WARN_INT_CONVERSION = YES;
				CLANG_WARN_NON_LITERAL_NULL_CONVERSION = YES;
				CLANG_WARN_OBJC_IMPLICIT_RETAIN_SELF = YES;
				CLANG_WARN_OBJC_LITERAL_CONVERSION = YES;
				CLANG_WARN_OBJC_ROOT_CLASS = YES_ERROR;
				CLANG_WARN_RANGE_LOOP_ANALYSIS = YES;
				CLANG_WARN_STRICT_PROTOTYPES = YES;
				CLANG_WARN_SUSPICIOUS_MOVE = YES;
				CLANG_WARN_UNGUARDED_AVAILABILITY = YES_AGGRESSIVE;
				CLANG_WARN_UNREACHABLE_CODE = YES;
				CLANG_WARN__DUPLICATE_METHOD_MATCH = YES;
				COPY_PHASE_STRIP = NO;
				DEBUG_INFORMATION_FORMAT = dwarf;
				ENABLE_STRICT_OBJC_MSGSEND = YES;
				ENABLE_TESTABILITY = YES;
				GCC_C_LANGUAGE_STANDARD = gnu11;
				GCC_DYNAMIC_NO_PIC = NO;
				GCC_NO_COMMON_BLOCKS = YES;
				GCC_OPTIMIZATION_LEVEL = 0;
				GCC_PREPROCESSOR_DEFINITIONS = (
					"DEBUG=1",
					"$(inherited)",
				);
				GCC_WARN_64_TO_32_BIT_CONVERSION = YES;
				GCC_WARN_ABOUT_RETURN_TYPE = YES_ERROR;
				GCC_WARN_UNDECLARED_SELECTOR = YES;
				GCC_WARN_UNINITIALIZED_AUTOS = YES_AGGRESSIVE;
				GCC_WARN_UNUSED_FUNCTION = YES;
				GCC_WARN_UNUSED_VARIABLE = YES;
				IPHONEOS_DEPLOYMENT_TARGET = 13.4;
				MTL_ENABLE_DEBUG_INFO = INCLUDE_SOURCE;
				MTL_FAST_MATH = YES;
				ONLY_ACTIVE_ARCH = YES;
				SDKROOT = iphoneos;
			};
			name = Debug;
		};
		97682947244A79FA005C76A9 /* Release */ = {
			isa = XCBuildConfiguration;
			buildSettings = {
				ALWAYS_SEARCH_USER_PATHS = NO;
				CLANG_ANALYZER_NONNULL = YES;
				CLANG_ANALYZER_NUMBER_OBJECT_CONVERSION = YES_AGGRESSIVE;
				CLANG_CXX_LANGUAGE_STANDARD = "gnu++14";
				CLANG_CXX_LIBRARY = "libc++";
				CLANG_ENABLE_MODULES = YES;
				CLANG_ENABLE_OBJC_ARC = YES;
				CLANG_ENABLE_OBJC_WEAK = YES;
				CLANG_WARN_BLOCK_CAPTURE_AUTORELEASING = YES;
				CLANG_WARN_BOOL_CONVERSION = YES;
				CLANG_WARN_COMMA = YES;
				CLANG_WARN_CONSTANT_CONVERSION = YES;
				CLANG_WARN_DEPRECATED_OBJC_IMPLEMENTATIONS = YES;
				CLANG_WARN_DIRECT_OBJC_ISA_USAGE = YES_ERROR;
				CLANG_WARN_DOCUMENTATION_COMMENTS = YES;
				CLANG_WARN_EMPTY_BODY = YES;
				CLANG_WARN_ENUM_CONVERSION = YES;
				CLANG_WARN_INFINITE_RECURSION = YES;
				CLANG_WARN_INT_CONVERSION = YES;
				CLANG_WARN_NON_LITERAL_NULL_CONVERSION = YES;
				CLANG_WARN_OBJC_IMPLICIT_RETAIN_SELF = YES;
				CLANG_WARN_OBJC_LITERAL_CONVERSION = YES;
				CLANG_WARN_OBJC_ROOT_CLASS = YES_ERROR;
				CLANG_WARN_RANGE_LOOP_ANALYSIS = YES;
				CLANG_WARN_STRICT_PROTOTYPES = YES;
				CLANG_WARN_SUSPICIOUS_MOVE = YES;
				CLANG_WARN_UNGUARDED_AVAILABILITY = YES_AGGRESSIVE;
				CLANG_WARN_UNREACHABLE_CODE = YES;
				CLANG_WARN__DUPLICATE_METHOD_MATCH = YES;
				COPY_PHASE_STRIP = NO;
				DEBUG_INFORMATION_FORMAT = "dwarf-with-dsym";
				ENABLE_NS_ASSERTIONS = NO;
				ENABLE_STRICT_OBJC_MSGSEND = YES;
				GCC_C_LANGUAGE_STANDARD = gnu11;
				GCC_NO_COMMON_BLOCKS = YES;
				GCC_WARN_64_TO_32_BIT_CONVERSION = YES;
				GCC_WARN_ABOUT_RETURN_TYPE = YES_ERROR;
				GCC_WARN_UNDECLARED_SELECTOR = YES;
				GCC_WARN_UNINITIALIZED_AUTOS = YES_AGGRESSIVE;
				GCC_WARN_UNUSED_FUNCTION = YES;
				GCC_WARN_UNUSED_VARIABLE = YES;
				IPHONEOS_DEPLOYMENT_TARGET = 13.4;
				MTL_ENABLE_DEBUG_INFO = NO;
				MTL_FAST_MATH = YES;
				SDKROOT = iphoneos;
				VALIDATE_PRODUCT = YES;
			};
			name = Release;
		};
		97682949244A79FA005C76A9 /* Debug */ = {
			isa = XCBuildConfiguration;
			buildSettings = {
				ASSETCATALOG_COMPILER_APPICON_NAME = AppIcon;
				CODE_SIGN_STYLE = Automatic;
				INFOPLIST_FILE = Matchismo/Info.plist;
				LD_RUNPATH_SEARCH_PATHS = (
					"$(inherited)",
					"@executable_path/Frameworks",
				);
				PRODUCT_BUNDLE_IDENTIFIER = com.stellaqx.Matchismo;
				PRODUCT_NAME = "$(TARGET_NAME)";
				TARGETED_DEVICE_FAMILY = "1,2";
			};
			name = Debug;
		};
		9768294A244A79FA005C76A9 /* Release */ = {
			isa = XCBuildConfiguration;
			buildSettings = {
				ASSETCATALOG_COMPILER_APPICON_NAME = AppIcon;
				CODE_SIGN_STYLE = Automatic;
				INFOPLIST_FILE = Matchismo/Info.plist;
				LD_RUNPATH_SEARCH_PATHS = (
					"$(inherited)",
					"@executable_path/Frameworks",
				);
				PRODUCT_BUNDLE_IDENTIFIER = com.stellaqx.Matchismo;
				PRODUCT_NAME = "$(TARGET_NAME)";
				TARGETED_DEVICE_FAMILY = "1,2";
			};
			name = Release;
		};
/* End XCBuildConfiguration section */

/* Begin XCConfigurationList section */
		9768292A244A79F7005C76A9 /* Build configuration list for PBXProject "Matchismo" */ = {
			isa = XCConfigurationList;
			buildConfigurations = (
				97682946244A79FA005C76A9 /* Debug */,
				97682947244A79FA005C76A9 /* Release */,
			);
			defaultConfigurationIsVisible = 0;
			defaultConfigurationName = Release;
		};
		97682948244A79FA005C76A9 /* Build configuration list for PBXNativeTarget "Matchismo" */ = {
			isa = XCConfigurationList;
			buildConfigurations = (
				97682949244A79FA005C76A9 /* Debug */,
				9768294A244A79FA005C76A9 /* Release */,
			);
			defaultConfigurationIsVisible = 0;
			defaultConfigurationName = Release;
		};
/* End XCConfigurationList section */
	};
	rootObject = 97682927244A79F7005C76A9 /* Project object */;
}
